Microsoft Visual Studio Solution File, Format Version 12.00
# Visual Studio Version 17
VisualStudioVersion = 17.5.2.0
MinimumVisualStudioVersion = 10.0.40219.1
Project("{FAE04EC0-301F-11D3-BF4B-00C04F79EFBC}") = "ProjetoCinemanticaMVC", "ProjetoCinemanticaMVC.csproj", "{F1F5A948-16FD-7883-F333-ED03BC336366}"
EndProject
Global
	GlobalSection(SolutionConfigurationPlatforms) = preSolution
		Debug|Any CPU = Debug|Any CPU
		Release|Any CPU = Release|Any CPU
	EndGlobalSection
	GlobalSection(ProjectConfigurationPlatforms) = postSolution
		{F1F5A948-16FD-7883-F333-ED03BC336366}.Debug|Any CPU.ActiveCfg = Debug|Any CPU
		{F1F5A948-16FD-7883-F333-ED03BC336366}.Debug|Any CPU.Build.0 = Debug|Any CPU
		{F1F5A948-16FD-7883-F333-ED03BC336366}.Release|Any CPU.ActiveCfg = Release|Any CPU
		{F1F5A948-16FD-7883-F333-ED03BC336366}.Release|Any CPU.Build.0 = Release|Any CPU
	EndGlobalSection
	GlobalSection(SolutionProperties) = preSolution
		HideSolutionNode = FALSE
	EndGlobalSection
	GlobalSection(ExtensibilityGlobals) = postSolution
		SolutionGuid = {9F289812-6E01-4EF5-87B4-8E2CD4667FD1}
	EndGlobalSection
EndGlobal
